
Microsoft Visual Studio Solution File, Format Version 12.00
# Visual Studio Version 17
VisualStudioVersion = 17.7.34202.233
MinimumVisualStudioVersion = 10.0.40219.1
Project("{9A19103F-16F7-4668-BE54-9A1E7A4F7556}") = "BreweryProjectRESTAPI", "BreweryProject\BreweryProjectRESTAPI.csproj", "{BB53ABA6-CD14-432D-B1CF-4B9799F2FC8B}"
EndProject
Project("{9A19103F-16F7-4668-BE54-9A1E7A4F7556}") = "BreweryClasses", "BreweryClasses\BreweryClasses.csproj", "{FE3036CB-7642-4CAA-88D6-48CC4F31CEF4}"
EndProject
Project("{FAE04EC0-301F-11D3-BF4B-00C04F79EFBC}") = "BreweryClassesTests", "BreweryClassesTests\BreweryClassesTests.csproj", "{B31C38CD-F695-4EA4-A20D-7D822A378BE1}"
EndProject
Global
	GlobalSection(SolutionConfigurationPlatforms) = preSolution
		Debug|Any CPU = Debug|Any CPU
		Release|Any CPU = Release|Any CPU
	EndGlobalSection
	GlobalSection(ProjectConfigurationPlatforms) = postSolution
		{BB53ABA6-CD14-432D-B1CF-4B9799F2FC8B}.Debug|Any CPU.ActiveCfg = Debug|Any CPU
		{BB53ABA6-CD14-432D-B1CF-4B9799F2FC8B}.Debug|Any CPU.Build.0 = Debug|Any CPU
		{BB53ABA6-CD14-432D-B1CF-4B9799F2FC8B}.Release|Any CPU.ActiveCfg = Release|Any CPU
		{BB53ABA6-CD14-432D-B1CF-4B9799F2FC8B}.Release|Any CPU.Build.0 = Release|Any CPU
		{FE3036CB-7642-4CAA-88D6-48CC4F31CEF4}.Debug|Any CPU.ActiveCfg = Debug|Any CPU
		{FE3036CB-7642-4CAA-88D6-48CC4F31CEF4}.Debug|Any CPU.Build.0 = Debug|Any CPU
		{FE3036CB-7642-4CAA-88D6-48CC4F31CEF4}.Release|Any CPU.ActiveCfg = Release|Any CPU
		{FE3036CB-7642-4CAA-88D6-48CC4F31CEF4}.Release|Any CPU.Build.0 = Release|Any CPU
		{B31C38CD-F695-4EA4-A20D-7D822A378BE1}.Debug|Any CPU.ActiveCfg = Debug|Any CPU
		{B31C38CD-F695-4EA4-A20D-7D822A378BE1}.Debug|Any CPU.Build.0 = Debug|Any CPU
		{B31C38CD-F695-4EA4-A20D-7D822A378BE1}.Release|Any CPU.ActiveCfg = Release|Any CPU
		{B31C38CD-F695-4EA4-A20D-7D822A378BE1}.Release|Any CPU.Build.0 = Release|Any CPU
	EndGlobalSection
	GlobalSection(SolutionProperties) = preSolution
		HideSolutionNode = FALSE
	EndGlobalSection
	GlobalSection(ExtensibilityGlobals) = postSolution
		SolutionGuid = {77CC7D5F-ECA7-4B16-8512-01CBEC12A1DF}
	EndGlobalSection
EndGlobal
